
Microsoft Visual Studio Solution File, Format Version 12.00
# Visual Studio Version 17
VisualStudioVersion = 17.14.36623.8 d17.14
MinimumVisualStudioVersion = 10.0.40219.1
Project("{FAE04EC0-301F-11D3-BF4B-00C04F79EFBC}") = "Cadmus.Ndp.Parts", "Cadmus.Ndp.Parts\Cadmus.Ndp.Parts.csproj", "{16658050-D391-4C36-BCF9-83FD6FEAF122}"
EndProject
Project("{FAE04EC0-301F-11D3-BF4B-00C04F79EFBC}") = "Cadmus.Seed.Ndp.Parts", "Cadmus.Seed.Ndp.Parts\Cadmus.Seed.Ndp.Parts.csproj", "{24751D82-191C-4E7F-A86C-9AE1160491FB}"
EndProject
Project("{FAE04EC0-301F-11D3-BF4B-00C04F79EFBC}") = "Cadmus.Ndp.Parts.Test", "Cadmus.Ndp.Parts.Test\Cadmus.Ndp.Parts.Test.csproj", "{BB424AC8-4CE6-44C7-9F6E-BD8F3A176A2E}"
EndProject
Project("{FAE04EC0-301F-11D3-BF4B-00C04F79EFBC}") = "Cadmus.Seed.Ndp.Parts.Test", "Cadmus.Seed.Ndp.Parts.Test\Cadmus.Seed.Ndp.Parts.Test.csproj", "{8947EDF7-84D8-4381-B94A-9900B9D29F69}"
EndProject
Project("{2150E333-8FDC-42A3-9474-1A3956D46DE8}") = "Solution Items", "Solution Items", "{8EC462FD-D22E-90A8-E5CE-7E832BA40C5D}"
	ProjectSection(SolutionItems) = preProject
		README.md = README.md
	EndProjectSection
EndProject
Global
	GlobalSection(SolutionConfigurationPlatforms) = preSolution
		Debug|Any CPU = Debug|Any CPU
		Release|Any CPU = Release|Any CPU
	EndGlobalSection
	GlobalSection(ProjectConfigurationPlatforms) = postSolution
		{16658050-D391-4C36-BCF9-83FD6FEAF122}.Debug|Any CPU.ActiveCfg = Debug|Any CPU
		{16658050-D391-4C36-BCF9-83FD6FEAF122}.Debug|Any CPU.Build.0 = Debug|Any CPU
		{16658050-D391-4C36-BCF9-83FD6FEAF122}.Release|Any CPU.ActiveCfg = Release|Any CPU
		{16658050-D391-4C36-BCF9-83FD6FEAF122}.Release|Any CPU.Build.0 = Release|Any CPU
		{24751D82-191C-4E7F-A86C-9AE1160491FB}.Debug|Any CPU.ActiveCfg = Debug|Any CPU
		{24751D82-191C-4E7F-A86C-9AE1160491FB}.Debug|Any CPU.Build.0 = Debug|Any CPU
		{24751D82-191C-4E7F-A86C-9AE1160491FB}.Release|Any CPU.ActiveCfg = Release|Any CPU
		{24751D82-191C-4E7F-A86C-9AE1160491FB}.Release|Any CPU.Build.0 = Release|Any CPU
		{BB424AC8-4CE6-44C7-9F6E-BD8F3A176A2E}.Debug|Any CPU.ActiveCfg = Debug|Any CPU
		{BB424AC8-4CE6-44C7-9F6E-BD8F3A176A2E}.Debug|Any CPU.Build.0 = Debug|Any CPU
		{BB424AC8-4CE6-44C7-9F6E-BD8F3A176A2E}.Release|Any CPU.ActiveCfg = Release|Any CPU
		{BB424AC8-4CE6-44C7-9F6E-BD8F3A176A2E}.Release|Any CPU.Build.0 = Release|Any CPU
		{8947EDF7-84D8-4381-B94A-9900B9D29F69}.Debug|Any CPU.ActiveCfg = Debug|Any CPU
		{8947EDF7-84D8-4381-B94A-9900B9D29F69}.Debug|Any CPU.Build.0 = Debug|Any CPU
		{8947EDF7-84D8-4381-B94A-9900B9D29F69}.Release|Any CPU.ActiveCfg = Release|Any CPU
		{8947EDF7-84D8-4381-B94A-9900B9D29F69}.Release|Any CPU.Build.0 = Release|Any CPU
	EndGlobalSection
	GlobalSection(SolutionProperties) = preSolution
		HideSolutionNode = FALSE
	EndGlobalSection
	GlobalSection(ExtensibilityGlobals) = postSolution
		SolutionGuid = {31382D81-9763-4D95-9214-0FF481D0967B}
	EndGlobalSection
EndGlobal
